
Microsoft Visual Studio Solution File, Format Version 12.00
# Visual Studio 15
VisualStudioVersion = 15.0.25807.0
MinimumVisualStudioVersion = 10.0.40219.1
Project("{FAE04EC0-301F-11D3-BF4B-00C04F79EFBC}") = "GUI", "GUI\GUI.csproj", "{1AE15736-A4D4-41D8-BBD7-854E697850DD}"
EndProject
Project("{FAE04EC0-301F-11D3-BF4B-00C04F79EFBC}") = "Calculator", "Calculator\Calculator.csproj", "{46FA4EF9-05D1-4C00-A3A4-59CD50B7C44E}"
EndProject
Project("{FAE04EC0-301F-11D3-BF4B-00C04F79EFBC}") = "Progress", "Progress\Progress.csproj", "{022DEB08-D71F-4856-B407-32522347F598}"
EndProject
Project("{FAE04EC0-301F-11D3-BF4B-00C04F79EFBC}") = "FontViewer", "FontViewer\FontViewer.csproj", "{F1DF911F-E1BC-41A9-B3B5-F266D9DB10A1}"
EndProject
Global
	GlobalSection(SolutionConfigurationPlatforms) = preSolution
		Debug|Any CPU = Debug|Any CPU
		Release|Any CPU = Release|Any CPU
	EndGlobalSection
	GlobalSection(ProjectConfigurationPlatforms) = postSolution
		{1AE15736-A4D4-41D8-BBD7-854E697850DD}.Debug|Any CPU.ActiveCfg = Debug|Any CPU
		{1AE15736-A4D4-41D8-BBD7-854E697850DD}.Debug|Any CPU.Build.0 = Debug|Any CPU
		{1AE15736-A4D4-41D8-BBD7-854E697850DD}.Release|Any CPU.ActiveCfg = Release|Any CPU
		{1AE15736-A4D4-41D8-BBD7-854E697850DD}.Release|Any CPU.Build.0 = Release|Any CPU
		{46FA4EF9-05D1-4C00-A3A4-59CD50B7C44E}.Debug|Any CPU.ActiveCfg = Debug|Any CPU
		{46FA4EF9-05D1-4C00-A3A4-59CD50B7C44E}.Debug|Any CPU.Build.0 = Debug|Any CPU
		{46FA4EF9-05D1-4C00-A3A4-59CD50B7C44E}.Release|Any CPU.ActiveCfg = Release|Any CPU
		{46FA4EF9-05D1-4C00-A3A4-59CD50B7C44E}.Release|Any CPU.Build.0 = Release|Any CPU
		{022DEB08-D71F-4856-B407-32522347F598}.Debug|Any CPU.ActiveCfg = Debug|Any CPU
		{022DEB08-D71F-4856-B407-32522347F598}.Debug|Any CPU.Build.0 = Debug|Any CPU
		{022DEB08-D71F-4856-B407-32522347F598}.Release|Any CPU.ActiveCfg = Release|Any CPU
		{022DEB08-D71F-4856-B407-32522347F598}.Release|Any CPU.Build.0 = Release|Any CPU
		{F1DF911F-E1BC-41A9-B3B5-F266D9DB10A1}.Debug|Any CPU.ActiveCfg = Debug|Any CPU
		{F1DF911F-E1BC-41A9-B3B5-F266D9DB10A1}.Debug|Any CPU.Build.0 = Debug|Any CPU
		{F1DF911F-E1BC-41A9-B3B5-F266D9DB10A1}.Release|Any CPU.ActiveCfg = Release|Any CPU
		{F1DF911F-E1BC-41A9-B3B5-F266D9DB10A1}.Release|Any CPU.Build.0 = Release|Any CPU
	EndGlobalSection
	GlobalSection(SolutionProperties) = preSolution
		HideSolutionNode = FALSE
	EndGlobalSection
EndGlobal
